
Microsoft Visual Studio Solution File, Format Version 12.00
# Visual Studio 2012
Project("{FAE04EC0-301F-11D3-BF4B-00C04F79EFBC}") = "SafeGuid", "SafeGuid\SafeGuid.csproj", "{810EB811-561D-43F9-B438-5EBA3B92B3B1}"
EndProject
Project("{FAE04EC0-301F-11D3-BF4B-00C04F79EFBC}") = "SafeGuidTests", "SafeGuidTests\SafeGuidTests.csproj", "{25F650F1-11F3-4B17-A686-101072315471}"
EndProject
Global
	GlobalSection(SolutionConfigurationPlatforms) = preSolution
		Debug|Any CPU = Debug|Any CPU
		Release|Any CPU = Release|Any CPU
	EndGlobalSection
	GlobalSection(ProjectConfigurationPlatforms) = postSolution
		{810EB811-561D-43F9-B438-5EBA3B92B3B1}.Debug|Any CPU.ActiveCfg = Debug|Any CPU
		{810EB811-561D-43F9-B438-5EBA3B92B3B1}.Debug|Any CPU.Build.0 = Debug|Any CPU
		{810EB811-561D-43F9-B438-5EBA3B92B3B1}.Release|Any CPU.ActiveCfg = Release|Any CPU
		{810EB811-561D-43F9-B438-5EBA3B92B3B1}.Release|Any CPU.Build.0 = Release|Any CPU
		{25F650F1-11F3-4B17-A686-101072315471}.Debug|Any CPU.ActiveCfg = Debug|Any CPU
		{25F650F1-11F3-4B17-A686-101072315471}.Debug|Any CPU.Build.0 = Debug|Any CPU
		{25F650F1-11F3-4B17-A686-101072315471}.Release|Any CPU.ActiveCfg = Release|Any CPU
		{25F650F1-11F3-4B17-A686-101072315471}.Release|Any CPU.Build.0 = Release|Any CPU
	EndGlobalSection
	GlobalSection(SolutionProperties) = preSolution
		HideSolutionNode = FALSE
	EndGlobalSection
EndGlobal
